[{<<"amqp_client">>,
  {git,"https://github.com/jbrisbin/amqp_client.git",
       {ref,"d50aec00b94f0766a048b4eceaf25ddfdeeb1d86"}},
  1},
 {<<"cowboy">>,
  {git,"https://github.com/ninenines/cowboy.git",
       {ref,"0c15b9216b7467390623db84e169b32c68e85bcb"}},
  0},
 {<<"cowlib">>,
  {git,"https://github.com/ninenines/cowlib",
       {ref,"45f750db410a4b08c68d142ad0af839f544c5d3d"}},
  1},
 {<<"ecomet">>,
  {git,"https://github.com/alx-xc/ecomet.git",
       {ref,"21b7c1139be6bc2161a8a9b4d4c076505e6d4b0b"}},
  0},
 {<<"ejobman">>,
  {git,"https://github.com/alx-xc/ejobman.git",
       {ref,"155a796d922975af09a15657da02574968079446"}},
  0},
 {<<"rabbit_common">>,
  {git,"https://github.com/jbrisbin/rabbit_common.git",
       {ref,"80814606ae23cc820c74e443383e192cd69ec030"}},
  2},
 {<<"ranch">>,
  {git,"https://github.com/ninenines/ranch",
       {ref,"a004ad710eddd0c21aaccc30d5633a76b06164b5"}},
  1},
 {<<"sockjs">>,
  {git,"https://github.com/rabbitmq/sockjs-erlang.git",
       {ref,"405990ea62353d98d36dbf5e1e64942d9b0a1daf"}},
  1}].
